
Microsoft Visual Studio Solution File, Format Version 12.00
# Visual Studio Version 17
VisualStudioVersion = 17.14.36221.1
MinimumVisualStudioVersion = 10.0.40219.1
Project("{FAE04EC0-301F-11D3-BF4B-00C04F79EFBC}") = "ISIP523-Sidorov", "ISIP523-Sidorov\ISIP523-Sidorov.csproj", "{5096BBA6-35EF-409E-ABD3-83C67A0D748F}"
EndProject
Project("{FAE04EC0-301F-11D3-BF4B-00C04F79EFBC}") = "Sidorov-Isip523", "Sidorov-Isip523\Sidorov-Isip523.csproj", "{EE369C4C-4063-4DA6-8E8F-A60FAEF85A6E}"
EndProject
Global
	GlobalSection(SolutionConfigurationPlatforms) = preSolution
		Debug|Any CPU = Debug|Any CPU
		Release|Any CPU = Release|Any CPU
	EndGlobalSection
	GlobalSection(ProjectConfigurationPlatforms) = postSolution
		{5096BBA6-35EF-409E-ABD3-83C67A0D748F}.Debug|Any CPU.ActiveCfg = Debug|Any CPU
		{5096BBA6-35EF-409E-ABD3-83C67A0D748F}.Debug|Any CPU.Build.0 = Debug|Any CPU
		{5096BBA6-35EF-409E-ABD3-83C67A0D748F}.Release|Any CPU.ActiveCfg = Release|Any CPU
		{5096BBA6-35EF-409E-ABD3-83C67A0D748F}.Release|Any CPU.Build.0 = Release|Any CPU
		{EE369C4C-4063-4DA6-8E8F-A60FAEF85A6E}.Debug|Any CPU.ActiveCfg = Debug|Any CPU
		{EE369C4C-4063-4DA6-8E8F-A60FAEF85A6E}.Debug|Any CPU.Build.0 = Debug|Any CPU
		{EE369C4C-4063-4DA6-8E8F-A60FAEF85A6E}.Release|Any CPU.ActiveCfg = Release|Any CPU
		{EE369C4C-4063-4DA6-8E8F-A60FAEF85A6E}.Release|Any CPU.Build.0 = Release|Any CPU
	EndGlobalSection
	GlobalSection(SolutionProperties) = preSolution
		HideSolutionNode = FALSE
	EndGlobalSection
	GlobalSection(ExtensibilityGlobals) = postSolution
		SolutionGuid = {0BB420E9-3D7B-438C-AD09-A38367EC27AD}
	EndGlobalSection
EndGlobal
